
Microsoft Visual Studio Solution File, Format Version 12.00
# Visual Studio 2013
VisualStudioVersion = 12.0.31101.0
MinimumVisualStudioVersion = 10.0.40219.1
Project("{FAE04EC0-301F-11D3-BF4B-00C04F79EFBC}") = "Mzinga.Core", "Mzinga.Core\Mzinga.Core.csproj", "{6E780540-68A7-4F84-9306-6231EC5427CA}"
EndProject
Project("{FAE04EC0-301F-11D3-BF4B-00C04F79EFBC}") = "Mzinga.CoreTest", "Mzinga.CoreTest\Mzinga.CoreTest.csproj", "{B9817AC4-3097-4A72-9A50-D9F56D47AF2C}"
EndProject
Project("{FAE04EC0-301F-11D3-BF4B-00C04F79EFBC}") = "Mzinga.Engine", "Mzinga.Engine\Mzinga.Engine.csproj", "{6273E30D-EAAA-42F3-BCDC-3AD28AEED433}"
EndProject
Project("{FAE04EC0-301F-11D3-BF4B-00C04F79EFBC}") = "Mzinga.Viewer", "Mzinga.Viewer\Mzinga.Viewer.csproj", "{AB491FF7-2645-4DF0-AF16-EE5AD7222A35}"
EndProject
Project("{930C7802-8A8C-48F9-8165-68863BCCD9DD}") = "Mzinga Setup", "Mzinga Setup\Mzinga Setup.wixproj", "{EB905695-D35D-4B73-AE9C-DDFF734604F8}"
EndProject
Global
	GlobalSection(SolutionConfigurationPlatforms) = preSolution
		Debug|Any CPU = Debug|Any CPU
		Debug|Mixed Platforms = Debug|Mixed Platforms
		Debug|x86 = Debug|x86
		Release|Any CPU = Release|Any CPU
		Release|Mixed Platforms = Release|Mixed Platforms
		Release|x86 = Release|x86
	EndGlobalSection
	GlobalSection(ProjectConfigurationPlatforms) = postSolution
		{6E780540-68A7-4F84-9306-6231EC5427CA}.Debug|Any CPU.ActiveCfg = Debug|Any CPU
		{6E780540-68A7-4F84-9306-6231EC5427CA}.Debug|Any CPU.Build.0 = Debug|Any CPU
		{6E780540-68A7-4F84-9306-6231EC5427CA}.Debug|Mixed Platforms.ActiveCfg = Debug|Any CPU
		{6E780540-68A7-4F84-9306-6231EC5427CA}.Debug|Mixed Platforms.Build.0 = Debug|Any CPU
		{6E780540-68A7-4F84-9306-6231EC5427CA}.Debug|x86.ActiveCfg = Debug|Any CPU
		{6E780540-68A7-4F84-9306-6231EC5427CA}.Release|Any CPU.ActiveCfg = Release|Any CPU
		{6E780540-68A7-4F84-9306-6231EC5427CA}.Release|Any CPU.Build.0 = Release|Any CPU
		{6E780540-68A7-4F84-9306-6231EC5427CA}.Release|Mixed Platforms.ActiveCfg = Release|Any CPU
		{6E780540-68A7-4F84-9306-6231EC5427CA}.Release|Mixed Platforms.Build.0 = Release|Any CPU
		{6E780540-68A7-4F84-9306-6231EC5427CA}.Release|x86.ActiveCfg = Release|Any CPU
		{B9817AC4-3097-4A72-9A50-D9F56D47AF2C}.Debug|Any CPU.ActiveCfg = Debug|Any CPU
		{B9817AC4-3097-4A72-9A50-D9F56D47AF2C}.Debug|Any CPU.Build.0 = Debug|Any CPU
		{B9817AC4-3097-4A72-9A50-D9F56D47AF2C}.Debug|Mixed Platforms.ActiveCfg = Debug|Any CPU
		{B9817AC4-3097-4A72-9A50-D9F56D47AF2C}.Debug|Mixed Platforms.Build.0 = Debug|Any CPU
		{B9817AC4-3097-4A72-9A50-D9F56D47AF2C}.Debug|x86.ActiveCfg = Debug|Any CPU
		{B9817AC4-3097-4A72-9A50-D9F56D47AF2C}.Release|Any CPU.ActiveCfg = Release|Any CPU
		{B9817AC4-3097-4A72-9A50-D9F56D47AF2C}.Release|Any CPU.Build.0 = Release|Any CPU
		{B9817AC4-3097-4A72-9A50-D9F56D47AF2C}.Release|Mixed Platforms.ActiveCfg = Release|Any CPU
		{B9817AC4-3097-4A72-9A50-D9F56D47AF2C}.Release|Mixed Platforms.Build.0 = Release|Any CPU
		{B9817AC4-3097-4A72-9A50-D9F56D47AF2C}.Release|x86.ActiveCfg = Release|Any CPU
		{6273E30D-EAAA-42F3-BCDC-3AD28AEED433}.Debug|Any CPU.ActiveCfg = Debug|Any CPU
		{6273E30D-EAAA-42F3-BCDC-3AD28AEED433}.Debug|Any CPU.Build.0 = Debug|Any CPU
		{6273E30D-EAAA-42F3-BCDC-3AD28AEED433}.Debug|Mixed Platforms.ActiveCfg = Debug|Any CPU
		{6273E30D-EAAA-42F3-BCDC-3AD28AEED433}.Debug|Mixed Platforms.Build.0 = Debug|Any CPU
		{6273E30D-EAAA-42F3-BCDC-3AD28AEED433}.Debug|x86.ActiveCfg = Debug|Any CPU
		{6273E30D-EAAA-42F3-BCDC-3AD28AEED433}.Release|Any CPU.ActiveCfg = Release|Any CPU
		{6273E30D-EAAA-42F3-BCDC-3AD28AEED433}.Release|Any CPU.Build.0 = Release|Any CPU
		{6273E30D-EAAA-42F3-BCDC-3AD28AEED433}.Release|Mixed Platforms.ActiveCfg = Release|Any CPU
		{6273E30D-EAAA-42F3-BCDC-3AD28AEED433}.Release|Mixed Platforms.Build.0 = Release|Any CPU
		{6273E30D-EAAA-42F3-BCDC-3AD28AEED433}.Release|x86.ActiveCfg = Release|Any CPU
		{AB491FF7-2645-4DF0-AF16-EE5AD7222A35}.Debug|Any CPU.ActiveCfg = Debug|Any CPU
		{AB491FF7-2645-4DF0-AF16-EE5AD7222A35}.Debug|Any CPU.Build.0 = Debug|Any CPU
		{AB491FF7-2645-4DF0-AF16-EE5AD7222A35}.Debug|Mixed Platforms.ActiveCfg = Debug|Any CPU
		{AB491FF7-2645-4DF0-AF16-EE5AD7222A35}.Debug|Mixed Platforms.Build.0 = Debug|Any CPU
		{AB491FF7-2645-4DF0-AF16-EE5AD7222A35}.Debug|x86.ActiveCfg = Debug|Any CPU
		{AB491FF7-2645-4DF0-AF16-EE5AD7222A35}.Release|Any CPU.ActiveCfg = Release|Any CPU
		{AB491FF7-2645-4DF0-AF16-EE5AD7222A35}.Release|Any CPU.Build.0 = Release|Any CPU
		{AB491FF7-2645-4DF0-AF16-EE5AD7222A35}.Release|Mixed Platforms.ActiveCfg = Release|Any CPU
		{AB491FF7-2645-4DF0-AF16-EE5AD7222A35}.Release|Mixed Platforms.Build.0 = Release|Any CPU
		{AB491FF7-2645-4DF0-AF16-EE5AD7222A35}.Release|x86.ActiveCfg = Release|Any CPU
		{EB905695-D35D-4B73-AE9C-DDFF734604F8}.Debug|Any CPU.ActiveCfg = Debug|x86
		{EB905695-D35D-4B73-AE9C-DDFF734604F8}.Debug|Mixed Platforms.ActiveCfg = Debug|x86
		{EB905695-D35D-4B73-AE9C-DDFF734604F8}.Debug|Mixed Platforms.Build.0 = Debug|x86
		{EB905695-D35D-4B73-AE9C-DDFF734604F8}.Debug|x86.ActiveCfg = Debug|x86
		{EB905695-D35D-4B73-AE9C-DDFF734604F8}.Debug|x86.Build.0 = Debug|x86
		{EB905695-D35D-4B73-AE9C-DDFF734604F8}.Release|Any CPU.ActiveCfg = Release|x86
		{EB905695-D35D-4B73-AE9C-DDFF734604F8}.Release|Mixed Platforms.ActiveCfg = Release|x86
		{EB905695-D35D-4B73-AE9C-DDFF734604F8}.Release|Mixed Platforms.Build.0 = Release|x86
		{EB905695-D35D-4B73-AE9C-DDFF734604F8}.Release|x86.ActiveCfg = Release|x86
		{EB905695-D35D-4B73-AE9C-DDFF734604F8}.Release|x86.Build.0 = Release|x86
	EndGlobalSection
	GlobalSection(SolutionProperties) = preSolution
		HideSolutionNode = FALSE
	EndGlobalSection
EndGlobal
