
Microsoft Visual Studio Solution File, Format Version 12.00
# Visual Studio Version 16
VisualStudioVersion = 16.0.30523.141
MinimumVisualStudioVersion = 10.0.40219.1
Project("{9A19103F-16F7-4668-BE54-9A1E7A4F7556}") = "Mzinga.Engine", "Mzinga.Engine\Mzinga.Engine.csproj", "{23C4244B-2965-41FB-9F35-BDCAE2AB2C7B}"
EndProject
Project("{9A19103F-16F7-4668-BE54-9A1E7A4F7556}") = "Mzinga.Trainer", "Mzinga.Trainer\Mzinga.Trainer.csproj", "{36CC70C4-9BCE-4546-8C4F-B116D5086291}"
EndProject
Project("{9A19103F-16F7-4668-BE54-9A1E7A4F7556}") = "Mzinga.Test", "Mzinga.Test\Mzinga.Test.csproj", "{ADA152D0-9A37-4884-A3B0-61FA7790BD9C}"
EndProject
Project("{9A19103F-16F7-4668-BE54-9A1E7A4F7556}") = "Mzinga.Perft", "Mzinga.Perft\Mzinga.Perft.csproj", "{BD3A0E3A-EB2A-409B-AF6E-F88FFBF34CC4}"
EndProject
Project("{9A19103F-16F7-4668-BE54-9A1E7A4F7556}") = "Mzinga.Viewer", "Mzinga.Viewer\Mzinga.Viewer.csproj", "{A6BF3A8F-1B7A-47C6-A0D7-D32D75FF4099}"
EndProject
Project("{9A19103F-16F7-4668-BE54-9A1E7A4F7556}") = "Mzinga", "Mzinga\Mzinga.csproj", "{F53D8E90-0B0B-4439-B9A1-3246827D121F}"
EndProject
Global
	GlobalSection(SolutionConfigurationPlatforms) = preSolution
		Debug|Any CPU = Debug|Any CPU
		Release|Any CPU = Release|Any CPU
	EndGlobalSection
	GlobalSection(ProjectConfigurationPlatforms) = postSolution
		{23C4244B-2965-41FB-9F35-BDCAE2AB2C7B}.Debug|Any CPU.ActiveCfg = Debug|Any CPU
		{23C4244B-2965-41FB-9F35-BDCAE2AB2C7B}.Debug|Any CPU.Build.0 = Debug|Any CPU
		{23C4244B-2965-41FB-9F35-BDCAE2AB2C7B}.Release|Any CPU.ActiveCfg = Release|Any CPU
		{23C4244B-2965-41FB-9F35-BDCAE2AB2C7B}.Release|Any CPU.Build.0 = Release|Any CPU
		{36CC70C4-9BCE-4546-8C4F-B116D5086291}.Debug|Any CPU.ActiveCfg = Debug|Any CPU
		{36CC70C4-9BCE-4546-8C4F-B116D5086291}.Debug|Any CPU.Build.0 = Debug|Any CPU
		{36CC70C4-9BCE-4546-8C4F-B116D5086291}.Release|Any CPU.ActiveCfg = Release|Any CPU
		{36CC70C4-9BCE-4546-8C4F-B116D5086291}.Release|Any CPU.Build.0 = Release|Any CPU
		{ADA152D0-9A37-4884-A3B0-61FA7790BD9C}.Debug|Any CPU.ActiveCfg = Debug|Any CPU
		{ADA152D0-9A37-4884-A3B0-61FA7790BD9C}.Debug|Any CPU.Build.0 = Debug|Any CPU
		{ADA152D0-9A37-4884-A3B0-61FA7790BD9C}.Release|Any CPU.ActiveCfg = Release|Any CPU
		{ADA152D0-9A37-4884-A3B0-61FA7790BD9C}.Release|Any CPU.Build.0 = Release|Any CPU
		{BD3A0E3A-EB2A-409B-AF6E-F88FFBF34CC4}.Debug|Any CPU.ActiveCfg = Debug|Any CPU
		{BD3A0E3A-EB2A-409B-AF6E-F88FFBF34CC4}.Debug|Any CPU.Build.0 = Debug|Any CPU
		{BD3A0E3A-EB2A-409B-AF6E-F88FFBF34CC4}.Release|Any CPU.ActiveCfg = Release|Any CPU
		{BD3A0E3A-EB2A-409B-AF6E-F88FFBF34CC4}.Release|Any CPU.Build.0 = Release|Any CPU
		{A6BF3A8F-1B7A-47C6-A0D7-D32D75FF4099}.Debug|Any CPU.ActiveCfg = Debug|Any CPU
		{A6BF3A8F-1B7A-47C6-A0D7-D32D75FF4099}.Debug|Any CPU.Build.0 = Debug|Any CPU
		{A6BF3A8F-1B7A-47C6-A0D7-D32D75FF4099}.Release|Any CPU.ActiveCfg = Release|Any CPU
		{A6BF3A8F-1B7A-47C6-A0D7-D32D75FF4099}.Release|Any CPU.Build.0 = Release|Any CPU
		{F53D8E90-0B0B-4439-B9A1-3246827D121F}.Debug|Any CPU.ActiveCfg = Debug|Any CPU
		{F53D8E90-0B0B-4439-B9A1-3246827D121F}.Debug|Any CPU.Build.0 = Debug|Any CPU
		{F53D8E90-0B0B-4439-B9A1-3246827D121F}.Release|Any CPU.ActiveCfg = Release|Any CPU
		{F53D8E90-0B0B-4439-B9A1-3246827D121F}.Release|Any CPU.Build.0 = Release|Any CPU
	EndGlobalSection
	GlobalSection(SolutionProperties) = preSolution
		HideSolutionNode = FALSE
	EndGlobalSection
	GlobalSection(ExtensibilityGlobals) = postSolution
		SolutionGuid = {711CA248-3C3F-459E-A673-CECF8681F7D4}
	EndGlobalSection
EndGlobal
